
Microsoft Visual Studio Solution File, Format Version 12.00
# Visual Studio Version 17
VisualStudioVersion = 17.0.31912.275
MinimumVisualStudioVersion = 10.0.40219.1
Project("{9A19103F-16F7-4668-BE54-9A1E7A4F7556}") = "SV.RDW.Data.Entities", "SV.RDW.Data.Entities\SV.RDW.Data.Entities.csproj", "{B9E3C873-86DA-4E8C-ADF3-B4F36172AAC3}"
EndProject
Project("{2150E333-8FDC-42A3-9474-1A3956D46DE8}") = "1. Data", "1. Data", "{80F87B4C-D842-4C82-A041-945ADE58695E}"
EndProject
Project("{2150E333-8FDC-42A3-9474-1A3956D46DE8}") = "2. Migrations", "2. Migrations", "{29F79F17-CEED-4A36-AD63-511943741275}"
EndProject
Project("{2150E333-8FDC-42A3-9474-1A3956D46DE8}") = "4. Apps", "4. Apps", "{D88F0352-43C2-48D3-ADF2-D883D309D750}"
EndProject
Project("{9A19103F-16F7-4668-BE54-9A1E7A4F7556}") = "SV.RDW.Apps.Demo", "SV.RDW.Apps.Demo\SV.RDW.Apps.Demo.csproj", "{8A984453-2A89-4B6B-A327-26B462AD2DDB}"
EndProject
Project("{2150E333-8FDC-42A3-9474-1A3956D46DE8}") = "3. DbUp", "3. DbUp", "{46503673-1420-4A5A-9772-BCB00C3E0E7A}"
EndProject
Project("{9A19103F-16F7-4668-BE54-9A1E7A4F7556}") = "SV.RDW.DbUp.MySQL", "SV.RDW.DbUp.MySQL\SV.RDW.DbUp.MySQL.csproj", "{0C78D7F3-547C-41BE-A3F8-4A22C4250178}"
EndProject
Project("{9A19103F-16F7-4668-BE54-9A1E7A4F7556}") = "SV.RDW.DbUp.PostgreSQL", "SV.RDW.DbUp.PostgreSQL\SV.RDW.DbUp.PostgreSQL.csproj", "{91F18D5C-773A-4343-94A6-969F3E28CBED}"
EndProject
Project("{9A19103F-16F7-4668-BE54-9A1E7A4F7556}") = "SV.RDW.Migrations.MySQL", "SV.RDW.Migrations.MySQL\SV.RDW.Migrations.MySQL.csproj", "{6F1A5D0A-067D-46FD-BCDE-7A16680597AC}"
EndProject
Project("{9A19103F-16F7-4668-BE54-9A1E7A4F7556}") = "SV.RDW.Migrations.PostgreSQL", "SV.RDW.Migrations.PostgreSQL\SV.RDW.Migrations.PostgreSQL.csproj", "{26FDF478-061C-4C45-8BAD-60E1AC3B1740}"
EndProject
Project("{9A19103F-16F7-4668-BE54-9A1E7A4F7556}") = "SV.RDW.Data.Layer", "SV.RDW.Data.Layer\SV.RDW.Data.Layer.csproj", "{C4811A1D-5D87-4DB2-B1FF-8734EC3EF956}"
EndProject
Project("{9A19103F-16F7-4668-BE54-9A1E7A4F7556}") = "SV.RDW.Apps.Import", "SV.RDW.Apps.Import\SV.RDW.Apps.Import.csproj", "{CBC5D8CC-8841-415C-8A0E-7E956E7FBED4}"
EndProject
Project("{FAE04EC0-301F-11D3-BF4B-00C04F79EFBC}") = "SV.RDW.Apps.MigrationHandler", "SV.RDW.Apps.MigrationHandler\SV.RDW.Apps.MigrationHandler.csproj", "{B4577809-51BF-4A83-B477-5AF597CC43CF}"
EndProject
Global
	GlobalSection(SolutionConfigurationPlatforms) = preSolution
		Debug|Any CPU = Debug|Any CPU
		Release|Any CPU = Release|Any CPU
	EndGlobalSection
	GlobalSection(ProjectConfigurationPlatforms) = postSolution
		{B9E3C873-86DA-4E8C-ADF3-B4F36172AAC3}.Debug|Any CPU.ActiveCfg = Debug|Any CPU
		{B9E3C873-86DA-4E8C-ADF3-B4F36172AAC3}.Debug|Any CPU.Build.0 = Debug|Any CPU
		{B9E3C873-86DA-4E8C-ADF3-B4F36172AAC3}.Release|Any CPU.ActiveCfg = Release|Any CPU
		{B9E3C873-86DA-4E8C-ADF3-B4F36172AAC3}.Release|Any CPU.Build.0 = Release|Any CPU
		{8A984453-2A89-4B6B-A327-26B462AD2DDB}.Debug|Any CPU.ActiveCfg = Debug|Any CPU
		{8A984453-2A89-4B6B-A327-26B462AD2DDB}.Debug|Any CPU.Build.0 = Debug|Any CPU
		{8A984453-2A89-4B6B-A327-26B462AD2DDB}.Release|Any CPU.ActiveCfg = Release|Any CPU
		{8A984453-2A89-4B6B-A327-26B462AD2DDB}.Release|Any CPU.Build.0 = Release|Any CPU
		{0C78D7F3-547C-41BE-A3F8-4A22C4250178}.Debug|Any CPU.ActiveCfg = Debug|Any CPU
		{0C78D7F3-547C-41BE-A3F8-4A22C4250178}.Debug|Any CPU.Build.0 = Debug|Any CPU
		{0C78D7F3-547C-41BE-A3F8-4A22C4250178}.Release|Any CPU.ActiveCfg = Release|Any CPU
		{0C78D7F3-547C-41BE-A3F8-4A22C4250178}.Release|Any CPU.Build.0 = Release|Any CPU
		{91F18D5C-773A-4343-94A6-969F3E28CBED}.Debug|Any CPU.ActiveCfg = Debug|Any CPU
		{91F18D5C-773A-4343-94A6-969F3E28CBED}.Debug|Any CPU.Build.0 = Debug|Any CPU
		{91F18D5C-773A-4343-94A6-969F3E28CBED}.Release|Any CPU.ActiveCfg = Release|Any CPU
		{91F18D5C-773A-4343-94A6-969F3E28CBED}.Release|Any CPU.Build.0 = Release|Any CPU
		{6F1A5D0A-067D-46FD-BCDE-7A16680597AC}.Debug|Any CPU.ActiveCfg = Debug|Any CPU
		{6F1A5D0A-067D-46FD-BCDE-7A16680597AC}.Debug|Any CPU.Build.0 = Debug|Any CPU
		{6F1A5D0A-067D-46FD-BCDE-7A16680597AC}.Release|Any CPU.ActiveCfg = Release|Any CPU
		{6F1A5D0A-067D-46FD-BCDE-7A16680597AC}.Release|Any CPU.Build.0 = Release|Any CPU
		{26FDF478-061C-4C45-8BAD-60E1AC3B1740}.Debug|Any CPU.ActiveCfg = Debug|Any CPU
		{26FDF478-061C-4C45-8BAD-60E1AC3B1740}.Debug|Any CPU.Build.0 = Debug|Any CPU
		{26FDF478-061C-4C45-8BAD-60E1AC3B1740}.Release|Any CPU.ActiveCfg = Release|Any CPU
		{26FDF478-061C-4C45-8BAD-60E1AC3B1740}.Release|Any CPU.Build.0 = Release|Any CPU
		{C4811A1D-5D87-4DB2-B1FF-8734EC3EF956}.Debug|Any CPU.ActiveCfg = Debug|Any CPU
		{C4811A1D-5D87-4DB2-B1FF-8734EC3EF956}.Debug|Any CPU.Build.0 = Debug|Any CPU
		{C4811A1D-5D87-4DB2-B1FF-8734EC3EF956}.Release|Any CPU.ActiveCfg = Release|Any CPU
		{C4811A1D-5D87-4DB2-B1FF-8734EC3EF956}.Release|Any CPU.Build.0 = Release|Any CPU
		{CBC5D8CC-8841-415C-8A0E-7E956E7FBED4}.Debug|Any CPU.ActiveCfg = Debug|Any CPU
		{CBC5D8CC-8841-415C-8A0E-7E956E7FBED4}.Debug|Any CPU.Build.0 = Debug|Any CPU
		{CBC5D8CC-8841-415C-8A0E-7E956E7FBED4}.Release|Any CPU.ActiveCfg = Release|Any CPU
		{CBC5D8CC-8841-415C-8A0E-7E956E7FBED4}.Release|Any CPU.Build.0 = Release|Any CPU
		{B4577809-51BF-4A83-B477-5AF597CC43CF}.Debug|Any CPU.ActiveCfg = Debug|Any CPU
		{B4577809-51BF-4A83-B477-5AF597CC43CF}.Debug|Any CPU.Build.0 = Debug|Any CPU
		{B4577809-51BF-4A83-B477-5AF597CC43CF}.Release|Any CPU.ActiveCfg = Release|Any CPU
		{B4577809-51BF-4A83-B477-5AF597CC43CF}.Release|Any CPU.Build.0 = Release|Any CPU
	EndGlobalSection
	GlobalSection(SolutionProperties) = preSolution
		HideSolutionNode = FALSE
	EndGlobalSection
	GlobalSection(NestedProjects) = preSolution
		{B9E3C873-86DA-4E8C-ADF3-B4F36172AAC3} = {80F87B4C-D842-4C82-A041-945ADE58695E}
		{8A984453-2A89-4B6B-A327-26B462AD2DDB} = {D88F0352-43C2-48D3-ADF2-D883D309D750}
		{0C78D7F3-547C-41BE-A3F8-4A22C4250178} = {46503673-1420-4A5A-9772-BCB00C3E0E7A}
		{91F18D5C-773A-4343-94A6-969F3E28CBED} = {46503673-1420-4A5A-9772-BCB00C3E0E7A}
		{6F1A5D0A-067D-46FD-BCDE-7A16680597AC} = {29F79F17-CEED-4A36-AD63-511943741275}
		{26FDF478-061C-4C45-8BAD-60E1AC3B1740} = {29F79F17-CEED-4A36-AD63-511943741275}
		{C4811A1D-5D87-4DB2-B1FF-8734EC3EF956} = {80F87B4C-D842-4C82-A041-945ADE58695E}
		{CBC5D8CC-8841-415C-8A0E-7E956E7FBED4} = {D88F0352-43C2-48D3-ADF2-D883D309D750}
		{B4577809-51BF-4A83-B477-5AF597CC43CF} = {D88F0352-43C2-48D3-ADF2-D883D309D750}
	EndGlobalSection
	GlobalSection(ExtensibilityGlobals) = postSolution
		SolutionGuid = {8775F148-E7E9-425A-93DE-29E947F5E552}
	EndGlobalSection
EndGlobal
